
Microsoft Visual Studio Solution File, Format Version 12.00
# Visual Studio Version 16
VisualStudioVersion = 16.0.30011.22
MinimumVisualStudioVersion = 10.0.40219.1
Project("{FAE04EC0-301F-11D3-BF4B-00C04F79EFBC}") = "MsSqlLinkedServerEnum", "MsSqlLinkedServerEnum.csproj", "{FF6A905A-E6D6-4283-933E-DB175215471E}"
EndProject
Global
	GlobalSection(SolutionConfigurationPlatforms) = preSolution
		Debug|Any CPU = Debug|Any CPU
		Debug|x64 = Debug|x64
		Release|Any CPU = Release|Any CPU
		Release|x64 = Release|x64
	EndGlobalSection
	GlobalSection(ProjectConfigurationPlatforms) = postSolution
		{FF6A905A-E6D6-4283-933E-DB175215471E}.Debug|Any CPU.ActiveCfg = Debug|Any CPU
		{FF6A905A-E6D6-4283-933E-DB175215471E}.Debug|Any CPU.Build.0 = Debug|Any CPU
		{FF6A905A-E6D6-4283-933E-DB175215471E}.Debug|x64.ActiveCfg = Debug|x64
		{FF6A905A-E6D6-4283-933E-DB175215471E}.Debug|x64.Build.0 = Debug|x64
		{FF6A905A-E6D6-4283-933E-DB175215471E}.Release|Any CPU.ActiveCfg = Release|Any CPU
		{FF6A905A-E6D6-4283-933E-DB175215471E}.Release|Any CPU.Build.0 = Release|Any CPU
		{FF6A905A-E6D6-4283-933E-DB175215471E}.Release|x64.ActiveCfg = Release|x64
		{FF6A905A-E6D6-4283-933E-DB175215471E}.Release|x64.Build.0 = Release|x64
	EndGlobalSection
	GlobalSection(SolutionProperties) = preSolution
		HideSolutionNode = FALSE
	EndGlobalSection
	GlobalSection(ExtensibilityGlobals) = postSolution
		SolutionGuid = {4D3BA2A2-6C8E-4EEB-93C8-B953417A8274}
	EndGlobalSection
EndGlobal
