
Microsoft Visual Studio Solution File, Format Version 12.00
# Visual Studio Version 16
VisualStudioVersion = 16.0.30717.126
MinimumVisualStudioVersion = 10.0.40219.1
Project("{FAE04EC0-301F-11D3-BF4B-00C04F79EFBC}") = "CSharpShellcodeRunner", "CSharpShellcodeRunner.csproj", "{80C6ACD8-B89D-4CC7-B84B-FE719E6510B7}"
EndProject
Project("{FAE04EC0-301F-11D3-BF4B-00C04F79EFBC}") = "SharpRunnerClass", "SharpRunnerClass\SharpRunnerClass.csproj", "{6378A217-A442-4E74-BD96-79565EAB2401}"
EndProject
Global
	GlobalSection(SolutionConfigurationPlatforms) = preSolution
		Debug|Any CPU = Debug|Any CPU
		Debug|x64 = Debug|x64
		Release|Any CPU = Release|Any CPU
		Release|x64 = Release|x64
	EndGlobalSection
	GlobalSection(ProjectConfigurationPlatforms) = postSolution
		{80C6ACD8-B89D-4CC7-B84B-FE719E6510B7}.Debug|Any CPU.ActiveCfg = Debug|Any CPU
		{80C6ACD8-B89D-4CC7-B84B-FE719E6510B7}.Debug|Any CPU.Build.0 = Debug|Any CPU
		{80C6ACD8-B89D-4CC7-B84B-FE719E6510B7}.Debug|x64.ActiveCfg = Debug|x64
		{80C6ACD8-B89D-4CC7-B84B-FE719E6510B7}.Debug|x64.Build.0 = Debug|x64
		{80C6ACD8-B89D-4CC7-B84B-FE719E6510B7}.Release|Any CPU.ActiveCfg = Release|Any CPU
		{80C6ACD8-B89D-4CC7-B84B-FE719E6510B7}.Release|Any CPU.Build.0 = Release|Any CPU
		{80C6ACD8-B89D-4CC7-B84B-FE719E6510B7}.Release|x64.ActiveCfg = Release|x64
		{80C6ACD8-B89D-4CC7-B84B-FE719E6510B7}.Release|x64.Build.0 = Release|x64
		{6378A217-A442-4E74-BD96-79565EAB2401}.Debug|Any CPU.ActiveCfg = Debug|Any CPU
		{6378A217-A442-4E74-BD96-79565EAB2401}.Debug|Any CPU.Build.0 = Debug|Any CPU
		{6378A217-A442-4E74-BD96-79565EAB2401}.Debug|x64.ActiveCfg = Debug|Any CPU
		{6378A217-A442-4E74-BD96-79565EAB2401}.Debug|x64.Build.0 = Debug|Any CPU
		{6378A217-A442-4E74-BD96-79565EAB2401}.Release|Any CPU.ActiveCfg = Release|Any CPU
		{6378A217-A442-4E74-BD96-79565EAB2401}.Release|Any CPU.Build.0 = Release|Any CPU
		{6378A217-A442-4E74-BD96-79565EAB2401}.Release|x64.ActiveCfg = Release|Any CPU
		{6378A217-A442-4E74-BD96-79565EAB2401}.Release|x64.Build.0 = Release|Any CPU
	EndGlobalSection
	GlobalSection(SolutionProperties) = preSolution
		HideSolutionNode = FALSE
	EndGlobalSection
	GlobalSection(ExtensibilityGlobals) = postSolution
		SolutionGuid = {FC415DBC-4446-4715-972C-C755987F642D}
	EndGlobalSection
EndGlobal
