
Microsoft Visual Studio Solution File, Format Version 12.00
# Visual Studio Version 16
VisualStudioVersion = 16.0.30204.135
MinimumVisualStudioVersion = 10.0.40219.1
Project("{FAE04EC0-301F-11D3-BF4B-00C04F79EFBC}") = "InstallUtilBypassRunner", "InstallUtilBypassRunner.csproj", "{7706D125-CDEF-4AFD-AA02-C6DBC9D37E3F}"
EndProject
Global
	GlobalSection(SolutionConfigurationPlatforms) = preSolution
		Debug|Any CPU = Debug|Any CPU
		Debug|x64 = Debug|x64
		Release|Any CPU = Release|Any CPU
		Release|x64 = Release|x64
	EndGlobalSection
	GlobalSection(ProjectConfigurationPlatforms) = postSolution
		{7706D125-CDEF-4AFD-AA02-C6DBC9D37E3F}.Debug|Any CPU.ActiveCfg = Debug|Any CPU
		{7706D125-CDEF-4AFD-AA02-C6DBC9D37E3F}.Debug|Any CPU.Build.0 = Debug|Any CPU
		{7706D125-CDEF-4AFD-AA02-C6DBC9D37E3F}.Debug|x64.ActiveCfg = Debug|x64
		{7706D125-CDEF-4AFD-AA02-C6DBC9D37E3F}.Debug|x64.Build.0 = Debug|x64
		{7706D125-CDEF-4AFD-AA02-C6DBC9D37E3F}.Release|Any CPU.ActiveCfg = Release|Any CPU
		{7706D125-CDEF-4AFD-AA02-C6DBC9D37E3F}.Release|Any CPU.Build.0 = Release|Any CPU
		{7706D125-CDEF-4AFD-AA02-C6DBC9D37E3F}.Release|x64.ActiveCfg = Release|x64
		{7706D125-CDEF-4AFD-AA02-C6DBC9D37E3F}.Release|x64.Build.0 = Release|x64
	EndGlobalSection
	GlobalSection(SolutionProperties) = preSolution
		HideSolutionNode = FALSE
	EndGlobalSection
	GlobalSection(ExtensibilityGlobals) = postSolution
		SolutionGuid = {E9182A5C-147B-42A9-A5EE-271D6D6FAA3C}
	EndGlobalSection
EndGlobal
