
Microsoft Visual Studio Solution File, Format Version 12.00
# Visual Studio Version 16
VisualStudioVersion = 16.0.29409.12
MinimumVisualStudioVersion = 10.0.40219.1
Project("{FAE04EC0-301F-11D3-BF4B-00C04F79EFBC}") = "SqlLinkEnum", "SqlLinkEnum.csproj", "{0803EEE6-F5AD-4BFD-95F1-F897EB714B91}"
EndProject
Global
	GlobalSection(SolutionConfigurationPlatforms) = preSolution
		Debug|Any CPU = Debug|Any CPU
		Debug|x64 = Debug|x64
		Release|Any CPU = Release|Any CPU
		Release|x64 = Release|x64
	EndGlobalSection
	GlobalSection(ProjectConfigurationPlatforms) = postSolution
		{0803EEE6-F5AD-4BFD-95F1-F897EB714B91}.Debug|Any CPU.ActiveCfg = Debug|Any CPU
		{0803EEE6-F5AD-4BFD-95F1-F897EB714B91}.Debug|Any CPU.Build.0 = Debug|Any CPU
		{0803EEE6-F5AD-4BFD-95F1-F897EB714B91}.Debug|x64.ActiveCfg = Debug|x64
		{0803EEE6-F5AD-4BFD-95F1-F897EB714B91}.Debug|x64.Build.0 = Debug|x64
		{0803EEE6-F5AD-4BFD-95F1-F897EB714B91}.Release|Any CPU.ActiveCfg = Release|Any CPU
		{0803EEE6-F5AD-4BFD-95F1-F897EB714B91}.Release|Any CPU.Build.0 = Release|Any CPU
		{0803EEE6-F5AD-4BFD-95F1-F897EB714B91}.Release|x64.ActiveCfg = Release|x64
		{0803EEE6-F5AD-4BFD-95F1-F897EB714B91}.Release|x64.Build.0 = Release|x64
	EndGlobalSection
	GlobalSection(SolutionProperties) = preSolution
		HideSolutionNode = FALSE
	EndGlobalSection
	GlobalSection(ExtensibilityGlobals) = postSolution
		SolutionGuid = {8EA16AF2-6DB6-43EA-B952-D734BDE6C15B}
	EndGlobalSection
EndGlobal
