
Microsoft Visual Studio Solution File, Format Version 12.00
# Visual Studio Version 16
VisualStudioVersion = 16.0.30204.135
MinimumVisualStudioVersion = 10.0.40219.1
Project("{FAE04EC0-301F-11D3-BF4B-00C04F79EFBC}") = "CsharpXorEncoder", "CsharpXorEncoder.csproj", "{2A12556B-C66A-4DAA-B1FA-7A3C63694FAF}"
EndProject
Global
	GlobalSection(SolutionConfigurationPlatforms) = preSolution
		Debug|Any CPU = Debug|Any CPU
		Release|Any CPU = Release|Any CPU
	EndGlobalSection
	GlobalSection(ProjectConfigurationPlatforms) = postSolution
		{2A12556B-C66A-4DAA-B1FA-7A3C63694FAF}.Debug|Any CPU.ActiveCfg = Debug|Any CPU
		{2A12556B-C66A-4DAA-B1FA-7A3C63694FAF}.Debug|Any CPU.Build.0 = Debug|Any CPU
		{2A12556B-C66A-4DAA-B1FA-7A3C63694FAF}.Release|Any CPU.ActiveCfg = Release|Any CPU
		{2A12556B-C66A-4DAA-B1FA-7A3C63694FAF}.Release|Any CPU.Build.0 = Release|Any CPU
	EndGlobalSection
	GlobalSection(SolutionProperties) = preSolution
		HideSolutionNode = FALSE
	EndGlobalSection
	GlobalSection(ExtensibilityGlobals) = postSolution
		SolutionGuid = {3FF83F48-267F-48E3-96F8-996EE7A49074}
	EndGlobalSection
EndGlobal
